
Microsoft Visual Studio Solution File, Format Version 11.00
# Visual Studio 2010
Project("{FAE04EC0-301F-11D3-BF4B-00C04F79EFBC}") = "Assembly-CSharp", "Assembly-CSharp.csproj", "{4EEC656A-C789-CCA9-284A-FB7700E2E3EB}"
EndProject
Project("{FAE04EC0-301F-11D3-BF4B-00C04F79EFBC}") = "Assembly-CSharp-Editor", "Assembly-CSharp-Editor.csproj", "{09003B3B-6A25-888F-8951-19D826672CBB}"
EndProject
Global
	GlobalSection(SolutionConfigurationPlatforms) = preSolution
		Debug|Any CPU = Debug|Any CPU
		Release|Any CPU = Release|Any CPU
	EndGlobalSection
	GlobalSection(ProjectConfigurationPlatforms) = postSolution
		{4EEC656A-C789-CCA9-284A-FB7700E2E3EB}.Debug|Any CPU.ActiveCfg = Debug|Any CPU
		{4EEC656A-C789-CCA9-284A-FB7700E2E3EB}.Debug|Any CPU.Build.0 = Debug|Any CPU
		{4EEC656A-C789-CCA9-284A-FB7700E2E3EB}.Release|Any CPU.ActiveCfg = Release|Any CPU
		{4EEC656A-C789-CCA9-284A-FB7700E2E3EB}.Release|Any CPU.Build.0 = Release|Any CPU
		{09003B3B-6A25-888F-8951-19D826672CBB}.Debug|Any CPU.ActiveCfg = Debug|Any CPU
		{09003B3B-6A25-888F-8951-19D826672CBB}.Debug|Any CPU.Build.0 = Debug|Any CPU
		{09003B3B-6A25-888F-8951-19D826672CBB}.Release|Any CPU.ActiveCfg = Release|Any CPU
		{09003B3B-6A25-888F-8951-19D826672CBB}.Release|Any CPU.Build.0 = Release|Any CPU
	EndGlobalSection
	GlobalSection(SolutionProperties) = preSolution
		HideSolutionNode = FALSE
	EndGlobalSection
EndGlobal
